PODS:
  - ObjectMapper (3.4.1)

DEPENDENCIES:
  - ObjectMapper (~> 3.0)

SPEC REPOS:
  https://github.com/cocoapods/specs.git:
    - ObjectMapper

SPEC CHECKSUMS:
  ObjectMapper: 5311bd50ca732930959e7ca1a2de43ab823a5ced

PODFILE CHECKSUM: a4609577ce7245ec3a39dab443cd2394e4d62dae

COCOAPODS: 1.6.0.beta.2
