// !$*UTF8*$!
{
	archiveVersion = 1;
	classes = {
	};
	objectVersion = 46;
	objects = {

/* Begin PBXBuildFile section */
		24217A13253ED17651089D35 /* Pods_Frameworks_Monet_tvOS.framework in Frameworks */ = {isa = PBXBuildFile; fileRef = A8098814EB15D9D2072F4A34 /* Pods_Frameworks_Monet_tvOS.framework */; };
		85DC9FDCC6AE55AD4DC3D774 /* Pods_Tests_MonetTests_tvOS.framework in Frameworks */ = {isa = PBXBuildFile; fileRef = F7574B77A85ABDA609961274 /* Pods_Tests_MonetTests_tvOS.framework */; };
		A303237221F1D8AA00E11E19 /* UIView+Monet.swift in Sources */ = {isa = PBXBuildFile; fileRef = A303237121F1D8AA00E11E19 /* UIView+Monet.swift */; };
		A303237321F1D8AA00E11E19 /* UIView+Monet.swift in Sources */ = {isa = PBXBuildFile; fileRef = A303237121F1D8AA00E11E19 /* UIView+Monet.swift */; };
		A303237521F1D8B300E11E19 /* UILabel+Monet.swift in Sources */ = {isa = PBXBuildFile; fileRef = A303237421F1D8B300E11E19 /* UILabel+Monet.swift */; };
		A303237621F1D8B300E11E19 /* UILabel+Monet.swift in Sources */ = {isa = PBXBuildFile; fileRef = A303237421F1D8B300E11E19 /* UILabel+Monet.swift */; };
		A303237821F1D8D700E11E19 /* UITextField+Monet.swift in Sources */ = {isa = PBXBuildFile; fileRef = A303237721F1D8D700E11E19 /* UITextField+Monet.swift */; };
		A303237921F1D8D700E11E19 /* UITextField+Monet.swift in Sources */ = {isa = PBXBuildFile; fileRef = A303237721F1D8D700E11E19 /* UITextField+Monet.swift */; };
		A303237B21F1D8DF00E11E19 /* UITextView+Monet.swift in Sources */ = {isa = PBXBuildFile; fileRef = A303237A21F1D8DF00E11E19 /* UITextView+Monet.swift */; };
		A303237C21F1D8DF00E11E19 /* UITextView+Monet.swift in Sources */ = {isa = PBXBuildFile; fileRef = A303237A21F1D8DF00E11E19 /* UITextView+Monet.swift */; };
		A303237E21F1D91F00E11E19 /* UIButton+Monet.swift in Sources */ = {isa = PBXBuildFile; fileRef = A303237D21F1D91F00E11E19 /* UIButton+Monet.swift */; };
		A303237F21F1D91F00E11E19 /* UIButton+Monet.swift in Sources */ = {isa = PBXBuildFile; fileRef = A303237D21F1D91F00E11E19 /* UIButton+Monet.swift */; };
		A3169DBA1DE05E8300BABAFD /* Monet.framework in Frameworks */ = {isa = PBXBuildFile; fileRef = A3169DB01DE05E8300BABAFD /* Monet.framework */; };
		A3169DF81DE0718900BABAFD /* Monet.framework in Frameworks */ = {isa = PBXBuildFile; fileRef = A3169DEF1DE0718900BABAFD /* Monet.framework */; };
		A370DF111FB0D75B000FEDED /* MonetError.swift in Sources */ = {isa = PBXBuildFile; fileRef = A370DF071FB0D75B000FEDED /* MonetError.swift */; };
		A370DF121FB0D75B000FEDED /* MonetError.swift in Sources */ = {isa = PBXBuildFile; fileRef = A370DF071FB0D75B000FEDED /* MonetError.swift */; };
		A370DF131FB0D75B000FEDED /* UIColor+UIControlState.swift in Sources */ = {isa = PBXBuildFile; fileRef = A370DF081FB0D75B000FEDED /* UIColor+UIControlState.swift */; };
		A370DF141FB0D75B000FEDED /* UIColor+UIControlState.swift in Sources */ = {isa = PBXBuildFile; fileRef = A370DF081FB0D75B000FEDED /* UIColor+UIControlState.swift */; };
		A370DF151FB0D75B000FEDED /* FontTransform.swift in Sources */ = {isa = PBXBuildFile; fileRef = A370DF091FB0D75B000FEDED /* FontTransform.swift */; };
		A370DF161FB0D75B000FEDED /* FontTransform.swift in Sources */ = {isa = PBXBuildFile; fileRef = A370DF091FB0D75B000FEDED /* FontTransform.swift */; };
		A370DF171FB0D75B000FEDED /* Monet.h in Headers */ = {isa = PBXBuildFile; fileRef = A370DF0A1FB0D75B000FEDED /* Monet.h */; settings = {ATTRIBUTES = (Public, ); }; };
		A370DF181FB0D75B000FEDED /* Monet.h in Headers */ = {isa = PBXBuildFile; fileRef = A370DF0A1FB0D75B000FEDED /* Monet.h */; settings = {ATTRIBUTES = (Public, ); }; };
		A370DF191FB0D75B000FEDED /* Monet.swift in Sources */ = {isa = PBXBuildFile; fileRef = A370DF0B1FB0D75B000FEDED /* Monet.swift */; };
		A370DF1A1FB0D75B000FEDED /* Monet.swift in Sources */ = {isa = PBXBuildFile; fileRef = A370DF0B1FB0D75B000FEDED /* Monet.swift */; };
		A370DF1B1FB0D75B000FEDED /* TextAppearance.swift in Sources */ = {isa = PBXBuildFile; fileRef = A370DF0C1FB0D75B000FEDED /* TextAppearance.swift */; };
		A370DF1C1FB0D75B000FEDED /* TextAppearance.swift in Sources */ = {isa = PBXBuildFile; fileRef = A370DF0C1FB0D75B000FEDED /* TextAppearance.swift */; };
		A370DF1D1FB0D75B000FEDED /* UIColor+UIImageRepresentation.swift in Sources */ = {isa = PBXBuildFile; fileRef = A370DF0D1FB0D75B000FEDED /* UIColor+UIImageRepresentation.swift */; };
		A370DF1E1FB0D75B000FEDED /* UIColor+UIImageRepresentation.swift in Sources */ = {isa = PBXBuildFile; fileRef = A370DF0D1FB0D75B000FEDED /* UIColor+UIImageRepresentation.swift */; };
		A370DF1F1FB0D75B000FEDED /* ViewAppearance.swift in Sources */ = {isa = PBXBuildFile; fileRef = A370DF0E1FB0D75B000FEDED /* ViewAppearance.swift */; };
		A370DF201FB0D75B000FEDED /* ViewAppearance.swift in Sources */ = {isa = PBXBuildFile; fileRef = A370DF0E1FB0D75B000FEDED /* ViewAppearance.swift */; };
		A370DF211FB0D75B000FEDED /* UIColor+RGB255.swift in Sources */ = {isa = PBXBuildFile; fileRef = A370DF0F1FB0D75B000FEDED /* UIColor+RGB255.swift */; };
		A370DF221FB0D75B000FEDED /* UIColor+RGB255.swift in Sources */ = {isa = PBXBuildFile; fileRef = A370DF0F1FB0D75B000FEDED /* UIColor+RGB255.swift */; };
		A370DF231FB0D75B000FEDED /* Theme.swift in Sources */ = {isa = PBXBuildFile; fileRef = A370DF101FB0D75B000FEDED /* Theme.swift */; };
		A370DF241FB0D75B000FEDED /* Theme.swift in Sources */ = {isa = PBXBuildFile; fileRef = A370DF101FB0D75B000FEDED /* Theme.swift */; };
		A374516C21EEB38C00899876 /* AppearanceRegistry.swift in Sources */ = {isa = PBXBuildFile; fileRef = A374516B21EEB38C00899876 /* AppearanceRegistry.swift */; };
		A374516D21EEB38C00899876 /* AppearanceRegistry.swift in Sources */ = {isa = PBXBuildFile; fileRef = A374516B21EEB38C00899876 /* AppearanceRegistry.swift */; };
		A374516F21EEB70D00899876 /* Monet+ObjectMapper.swift in Sources */ = {isa = PBXBuildFile; fileRef = A374516E21EEB70D00899876 /* Monet+ObjectMapper.swift */; };
		A374517021EEB70D00899876 /* Monet+ObjectMapper.swift in Sources */ = {isa = PBXBuildFile; fileRef = A374516E21EEB70D00899876 /* Monet+ObjectMapper.swift */; };
		A38EF2CA1DECF97000637484 /* MonetTests.swift in Sources */ = {isa = PBXBuildFile; fileRef = A38EF2C71DECF97000637484 /* MonetTests.swift */; };
		A38EF2CB1DECF97000637484 /* MonetTests.swift in Sources */ = {isa = PBXBuildFile; fileRef = A38EF2C71DECF97000637484 /* MonetTests.swift */; };
		F08B78C560CE15D29983917F /* Pods_Tests_MonetTests_iOS.framework in Frameworks */ = {isa = PBXBuildFile; fileRef = B1C2F6F8BBE9634556E13CF5 /* Pods_Tests_MonetTests_iOS.framework */; };
		FDBB18C7B9575A4B3AB565D0 /* Pods_Frameworks_Monet_iOS.framework in Frameworks */ = {isa = PBXBuildFile; fileRef = 41EE68D6BAB8201B6A1BA471 /* Pods_Frameworks_Monet_iOS.framework */; };
/* End PBXBuildFile section */

/* Begin PBXContainerItemProxy section */
		A3169DBB1DE05E8300BABAFD /* PBXContainerItemProxy */ = {
			isa = PBXContainerItemProxy;
			containerPortal = A3169DA71DE05E8300BABAFD /* Project object */;
			proxyType = 1;
			remoteGlobalIDString = A3169DAF1DE05E8300BABAFD;
			remoteInfo = Monet;
		};
		A3169DF91DE0718900BABAFD /* PBXContainerItemProxy */ = {
			isa = PBXContainerItemProxy;
			containerPortal = A3169DA71DE05E8300BABAFD /* Project object */;
			proxyType = 1;
			remoteGlobalIDString = A3169DEE1DE0718900BABAFD;
			remoteInfo = Monet;
		};
/* End PBXContainerItemProxy section */

/* Begin PBXFileReference section */
		1146950D69C3F7B37FFEE5B1 /* Pods-Tests-MonetTests-iOS.debug.xcconfig */ = {isa = PBXFileReference; includeInIndex = 1; lastKnownFileType = text.xcconfig; name = "Pods-Tests-MonetTests-iOS.debug.xcconfig"; path = "Pods/Target Support Files/Pods-Tests-MonetTests-iOS/Pods-Tests-MonetTests-iOS.debug.xcconfig"; sourceTree = "<group>"; };
		1B1E2CCA7DCAA12E69C19078 /* Pods-Tests-MonetTests-iOS.release.xcconfig */ = {isa = PBXFileReference; includeInIndex = 1; lastKnownFileType = text.xcconfig; name = "Pods-Tests-MonetTests-iOS.release.xcconfig"; path = "Pods/Target Support Files/Pods-Tests-MonetTests-iOS/Pods-Tests-MonetTests-iOS.release.xcconfig"; sourceTree = "<group>"; };
		41EE68D6BAB8201B6A1BA471 /* Pods_Frameworks_Monet_iOS.framework */ = {isa = PBXFileReference; explicitFileType = wrapper.framework; includeInIndex = 0; path = Pods_Frameworks_Monet_iOS.framework; sourceTree = BUILT_PRODUCTS_DIR; };
		757B219FA75A336C64D819DC /* Pods-Frameworks-Monet-iOS.debug.xcconfig */ = {isa = PBXFileReference; includeInIndex = 1; lastKnownFileType = text.xcconfig; name = "Pods-Frameworks-Monet-iOS.debug.xcconfig"; path = "Pods/Target Support Files/Pods-Frameworks-Monet-iOS/Pods-Frameworks-Monet-iOS.debug.xcconfig"; sourceTree = "<group>"; };
		93894B034E052FA5CC74820F /* Pods-Frameworks-Monet-tvOS.release.xcconfig */ = {isa = PBXFileReference; includeInIndex = 1; lastKnownFileType = text.xcconfig; name = "Pods-Frameworks-Monet-tvOS.release.xcconfig"; path = "Pods/Target Support Files/Pods-Frameworks-Monet-tvOS/Pods-Frameworks-Monet-tvOS.release.xcconfig"; sourceTree = "<group>"; };
		A303237121F1D8AA00E11E19 /* UIView+Monet.swift */ = {isa = PBXFileReference; lastKnownFileType = sourcecode.swift; path = "UIView+Monet.swift"; sourceTree = "<group>"; };
		A303237421F1D8B300E11E19 /* UILabel+Monet.swift */ = {isa = PBXFileReference; lastKnownFileType = sourcecode.swift; path = "UILabel+Monet.swift"; sourceTree = "<group>"; };
		A303237721F1D8D700E11E19 /* UITextField+Monet.swift */ = {isa = PBXFileReference; lastKnownFileType = sourcecode.swift; path = "UITextField+Monet.swift"; sourceTree = "<group>"; };
		A303237A21F1D8DF00E11E19 /* UITextView+Monet.swift */ = {isa = PBXFileReference; lastKnownFileType = sourcecode.swift; path = "UITextView+Monet.swift"; sourceTree = "<group>"; };
		A303237D21F1D91F00E11E19 /* UIButton+Monet.swift */ = {isa = PBXFileReference; lastKnownFileType = sourcecode.swift; path = "UIButton+Monet.swift"; sourceTree = "<group>"; };
		A3169DB01DE05E8300BABAFD /* Monet.framework */ = {isa = PBXFileReference; explicitFileType = wrapper.framework; includeInIndex = 0; path = Monet.framework; sourceTree = BUILT_PRODUCTS_DIR; };
		A3169DB91DE05E8300BABAFD /* MonetTests-iOS.xctest */ = {isa = PBXFileReference; explicitFileType = wrapper.cfbundle; includeInIndex = 0; path = "MonetTests-iOS.xctest"; sourceTree = BUILT_PRODUCTS_DIR; };
		A3169DCC1DE0629100BABAFD /* Info.plist */ = {isa = PBXFileReference; fileEncoding = 4; lastKnownFileType = text.plist.xml; path = Info.plist; sourceTree = "<group>"; };
		A3169DD11DE062A000BABAFD /* Info.plist */ = {isa = PBXFileReference; fileEncoding = 4; lastKnownFileType = text.plist.xml; path = Info.plist; sourceTree = "<group>"; };
		A3169DDE1DE06EF400BABAFD /* Monet.framework */ = {isa = PBXFileReference; explicitFileType = wrapper.framework; includeInIndex = 0; path = Monet.framework; sourceTree = BUILT_PRODUCTS_DIR; };
		A3169DEF1DE0718900BABAFD /* Monet.framework */ = {isa = PBXFileReference; explicitFileType = wrapper.framework; includeInIndex = 0; path = Monet.framework; sourceTree = BUILT_PRODUCTS_DIR; };
		A3169DF71DE0718900BABAFD /* MonetTests-tvOS.xctest */ = {isa = PBXFileReference; explicitFileType = wrapper.cfbundle; includeInIndex = 0; path = "MonetTests-tvOS.xctest"; sourceTree = BUILT_PRODUCTS_DIR; };
		A3169E0C1DE072C700BABAFD /* Monet.framework */ = {isa = PBXFileReference; explicitFileType = wrapper.framework; includeInIndex = 0; path = Monet.framework; sourceTree = BUILT_PRODUCTS_DIR; };
		A3169E141DE072C800BABAFD /* MonetTests-OSX.xctest */ = {isa = PBXFileReference; explicitFileType = wrapper.cfbundle; includeInIndex = 0; path = "MonetTests-OSX.xctest"; sourceTree = BUILT_PRODUCTS_DIR; };
		A370DF071FB0D75B000FEDED /* MonetError.swift */ = {isa = PBXFileReference; fileEncoding = 4; lastKnownFileType = sourcecode.swift; path = MonetError.swift; sourceTree = "<group>"; };
		A370DF081FB0D75B000FEDED /* UIColor+UIControlState.swift */ = {isa = PBXFileReference; fileEncoding = 4; lastKnownFileType = sourcecode.swift; path = "UIColor+UIControlState.swift"; sourceTree = "<group>"; };
		A370DF091FB0D75B000FEDED /* FontTransform.swift */ = {isa = PBXFileReference; fileEncoding = 4; lastKnownFileType = sourcecode.swift; path = FontTransform.swift; sourceTree = "<group>"; };
		A370DF0A1FB0D75B000FEDED /* Monet.h */ = {isa = PBXFileReference; fileEncoding = 4; lastKnownFileType = sourcecode.c.h; path = Monet.h; sourceTree = "<group>"; };
		A370DF0B1FB0D75B000FEDED /* Monet.swift */ = {isa = PBXFileReference; fileEncoding = 4; lastKnownFileType = sourcecode.swift; path = Monet.swift; sourceTree = "<group>"; };
		A370DF0C1FB0D75B000FEDED /* TextAppearance.swift */ = {isa = PBXFileReference; fileEncoding = 4; lastKnownFileType = sourcecode.swift; path = TextAppearance.swift; sourceTree = "<group>"; };
		A370DF0D1FB0D75B000FEDED /* UIColor+UIImageRepresentation.swift */ = {isa = PBXFileReference; fileEncoding = 4; lastKnownFileType = sourcecode.swift; path = "UIColor+UIImageRepresentation.swift"; sourceTree = "<group>"; };
		A370DF0E1FB0D75B000FEDED /* ViewAppearance.swift */ = {isa = PBXFileReference; fileEncoding = 4; lastKnownFileType = sourcecode.swift; path = ViewAppearance.swift; sourceTree = "<group>"; };
		A370DF0F1FB0D75B000FEDED /* UIColor+RGB255.swift */ = {isa = PBXFileReference; fileEncoding = 4; lastKnownFileType = sourcecode.swift; path = "UIColor+RGB255.swift"; sourceTree = "<group>"; };
		A370DF101FB0D75B000FEDED /* Theme.swift */ = {isa = PBXFileReference; fileEncoding = 4; lastKnownFileType = sourcecode.swift; path = Theme.swift; sourceTree = "<group>"; };
		A374516B21EEB38C00899876 /* AppearanceRegistry.swift */ = {isa = PBXFileReference; lastKnownFileType = sourcecode.swift; path = AppearanceRegistry.swift; sourceTree = "<group>"; };
		A374516E21EEB70D00899876 /* Monet+ObjectMapper.swift */ = {isa = PBXFileReference; lastKnownFileType = sourcecode.swift; path = "Monet+ObjectMapper.swift"; sourceTree = "<group>"; };
		A38EF2C71DECF97000637484 /* MonetTests.swift */ = {isa = PBXFileReference; fileEncoding = 4; lastKnownFileType = sourcecode.swift; path = MonetTests.swift; sourceTree = "<group>"; };
		A8098814EB15D9D2072F4A34 /* Pods_Frameworks_Monet_tvOS.framework */ = {isa = PBXFileReference; explicitFileType = wrapper.framework; includeInIndex = 0; path = Pods_Frameworks_Monet_tvOS.framework; sourceTree = BUILT_PRODUCTS_DIR; };
		B1C2F6F8BBE9634556E13CF5 /* Pods_Tests_MonetTests_iOS.framework */ = {isa = PBXFileReference; explicitFileType = wrapper.framework; includeInIndex = 0; path = Pods_Tests_MonetTests_iOS.framework; sourceTree = BUILT_PRODUCTS_DIR; };
		BFADF94759DD43A26AF8F681 /* Pods-Frameworks-Monet-tvOS.debug.xcconfig */ = {isa = PBXFileReference; includeInIndex = 1; lastKnownFileType = text.xcconfig; name = "Pods-Frameworks-Monet-tvOS.debug.xcconfig"; path = "Pods/Target Support Files/Pods-Frameworks-Monet-tvOS/Pods-Frameworks-Monet-tvOS.debug.xcconfig"; sourceTree = "<group>"; };
		C8FDA4C68D566EA9DE7C7C78 /* Pods-Tests-MonetTests-tvOS.debug.xcconfig */ = {isa = PBXFileReference; includeInIndex = 1; lastKnownFileType = text.xcconfig; name = "Pods-Tests-MonetTests-tvOS.debug.xcconfig"; path = "Pods/Target Support Files/Pods-Tests-MonetTests-tvOS/Pods-Tests-MonetTests-tvOS.debug.xcconfig"; sourceTree = "<group>"; };
		E308B0975F7171E5C4A74DBC /* Pods-Tests-MonetTests-tvOS.release.xcconfig */ = {isa = PBXFileReference; includeInIndex = 1; lastKnownFileType = text.xcconfig; name = "Pods-Tests-MonetTests-tvOS.release.xcconfig"; path = "Pods/Target Support Files/Pods-Tests-MonetTests-tvOS/Pods-Tests-MonetTests-tvOS.release.xcconfig"; sourceTree = "<group>"; };
		F507C150FB391F10B46C299A /* Pods-Frameworks-Monet-iOS.release.xcconfig */ = {isa = PBXFileReference; includeInIndex = 1; lastKnownFileType = text.xcconfig; name = "Pods-Frameworks-Monet-iOS.release.xcconfig"; path = "Pods/Target Support Files/Pods-Frameworks-Monet-iOS/Pods-Frameworks-Monet-iOS.release.xcconfig"; sourceTree = "<group>"; };
		F7574B77A85ABDA609961274 /* Pods_Tests_MonetTests_tvOS.framework */ = {isa = PBXFileReference; explicitFileType = wrapper.framework; includeInIndex = 0; path = Pods_Tests_MonetTests_tvOS.framework; sourceTree = BUILT_PRODUCTS_DIR; };
/* End PBXFileReference section */

/* Begin PBXFrameworksBuildPhase section */
		A3169DAC1DE05E8300BABAFD /* Frameworks */ = {
			isa = PBXFrameworksBuildPhase;
			buildActionMask = 2147483647;
			files = (
				FDBB18C7B9575A4B3AB565D0 /* Pods_Frameworks_Monet_iOS.framework in Frameworks */,
			);
			runOnlyForDeploymentPostprocessing = 0;
		};
		A3169DB61DE05E8300BABAFD /* Frameworks */ = {
			isa = PBXFrameworksBuildPhase;
			buildActionMask = 2147483647;
			files = (
				A3169DBA1DE05E8300BABAFD /* Monet.framework in Frameworks */,
				F08B78C560CE15D29983917F /* Pods_Tests_MonetTests_iOS.framework in Frameworks */,
			);
			runOnlyForDeploymentPostprocessing = 0;
		};
		A3169DEB1DE0718900BABAFD /* Frameworks */ = {
			isa = PBXFrameworksBuildPhase;
			buildActionMask = 2147483647;
			files = (
				24217A13253ED17651089D35 /* Pods_Frameworks_Monet_tvOS.framework in Frameworks */,
			);
			runOnlyForDeploymentPostprocessing = 0;
		};
		A3169DF41DE0718900BABAFD /* Frameworks */ = {
			isa = PBXFrameworksBuildPhase;
			buildActionMask = 2147483647;
			files = (
				A3169DF81DE0718900BABAFD /* Monet.framework in Frameworks */,
				85DC9FDCC6AE55AD4DC3D774 /* Pods_Tests_MonetTests_tvOS.framework in Frameworks */,
			);
			runOnlyForDeploymentPostprocessing = 0;
		};
/* End PBXFrameworksBuildPhase section */

/* Begin PBXGroup section */
		3FA4F1E19FE4BA982857FB30 /* Frameworks */ = {
			isa = PBXGroup;
			children = (
				41EE68D6BAB8201B6A1BA471 /* Pods_Frameworks_Monet_iOS.framework */,
				A8098814EB15D9D2072F4A34 /* Pods_Frameworks_Monet_tvOS.framework */,
				B1C2F6F8BBE9634556E13CF5 /* Pods_Tests_MonetTests_iOS.framework */,
				F7574B77A85ABDA609961274 /* Pods_Tests_MonetTests_tvOS.framework */,
			);
			name = Frameworks;
			sourceTree = "<group>";
		};
		A3169DA61DE05E8300BABAFD = {
			isa = PBXGroup;
			children = (
				A3169DCA1DE0629100BABAFD /* Sources */,
				A3169DCF1DE062A000BABAFD /* Tests */,
				A3169DB11DE05E8300BABAFD /* Products */,
				C5D2DAF70344DB376FC26E75 /* Pods */,
				3FA4F1E19FE4BA982857FB30 /* Frameworks */,
			);
			sourceTree = "<group>";
		};
		A3169DB11DE05E8300BABAFD /* Products */ = {
			isa = PBXGroup;
			children = (
				A3169DB01DE05E8300BABAFD /* Monet.framework */,
				A3169DB91DE05E8300BABAFD /* MonetTests-iOS.xctest */,
				A3169DDE1DE06EF400BABAFD /* Monet.framework */,
				A3169DEF1DE0718900BABAFD /* Monet.framework */,
				A3169DF71DE0718900BABAFD /* MonetTests-tvOS.xctest */,
				A3169E0C1DE072C700BABAFD /* Monet.framework */,
				A3169E141DE072C800BABAFD /* MonetTests-OSX.xctest */,
			);
			name = Products;
			sourceTree = "<group>";
		};
		A3169DCA1DE0629100BABAFD /* Sources */ = {
			isa = PBXGroup;
			children = (
				A370DF061FB0D75B000FEDED /* Monet */,
				A3169DCC1DE0629100BABAFD /* Info.plist */,
			);
			path = Sources;
			sourceTree = "<group>";
		};
		A3169DCF1DE062A000BABAFD /* Tests */ = {
			isa = PBXGroup;
			children = (
				A38EF2C61DECF97000637484 /* MonetTests */,
				A3169DD11DE062A000BABAFD /* Info.plist */,
			);
			path = Tests;
			sourceTree = "<group>";
		};
		A370DF061FB0D75B000FEDED /* Monet */ = {
			isa = PBXGroup;
			children = (
				A370DF071FB0D75B000FEDED /* MonetError.swift */,
				A370DF081FB0D75B000FEDED /* UIColor+UIControlState.swift */,
				A370DF091FB0D75B000FEDED /* FontTransform.swift */,
				A370DF0A1FB0D75B000FEDED /* Monet.h */,
				A370DF0B1FB0D75B000FEDED /* Monet.swift */,
				A370DF0C1FB0D75B000FEDED /* TextAppearance.swift */,
				A370DF0D1FB0D75B000FEDED /* UIColor+UIImageRepresentation.swift */,
				A370DF0E1FB0D75B000FEDED /* ViewAppearance.swift */,
				A370DF0F1FB0D75B000FEDED /* UIColor+RGB255.swift */,
				A370DF101FB0D75B000FEDED /* Theme.swift */,
				A374516B21EEB38C00899876 /* AppearanceRegistry.swift */,
				A374516E21EEB70D00899876 /* Monet+ObjectMapper.swift */,
				A303237121F1D8AA00E11E19 /* UIView+Monet.swift */,
				A303237421F1D8B300E11E19 /* UILabel+Monet.swift */,
				A303237721F1D8D700E11E19 /* UITextField+Monet.swift */,
				A303237A21F1D8DF00E11E19 /* UITextView+Monet.swift */,
				A303237D21F1D91F00E11E19 /* UIButton+Monet.swift */,
			);
			path = Monet;
			sourceTree = "<group>";
		};
		A38EF2C61DECF97000637484 /* MonetTests */ = {
			isa = PBXGroup;
			children = (
				A38EF2C71DECF97000637484 /* MonetTests.swift */,
			);
			path = MonetTests;
			sourceTree = "<group>";
		};
		C5D2DAF70344DB376FC26E75 /* Pods */ = {
			isa = PBXGroup;
			children = (
				757B219FA75A336C64D819DC /* Pods-Frameworks-Monet-iOS.debug.xcconfig */,
				F507C150FB391F10B46C299A /* Pods-Frameworks-Monet-iOS.release.xcconfig */,
				BFADF94759DD43A26AF8F681 /* Pods-Frameworks-Monet-tvOS.debug.xcconfig */,
				93894B034E052FA5CC74820F /* Pods-Frameworks-Monet-tvOS.release.xcconfig */,
				1146950D69C3F7B37FFEE5B1 /* Pods-Tests-MonetTests-iOS.debug.xcconfig */,
				1B1E2CCA7DCAA12E69C19078 /* Pods-Tests-MonetTests-iOS.release.xcconfig */,
				C8FDA4C68D566EA9DE7C7C78 /* Pods-Tests-MonetTests-tvOS.debug.xcconfig */,
				E308B0975F7171E5C4A74DBC /* Pods-Tests-MonetTests-tvOS.release.xcconfig */,
			);
			name = Pods;
			sourceTree = "<group>";
		};
/* End PBXGroup section */

/* Begin PBXHeadersBuildPhase section */
		A3169E281DE07B0500BABAFD /* Headers */ = {
			isa = PBXHeadersBuildPhase;
			buildActionMask = 2147483647;
			files = (
				A370DF181FB0D75B000FEDED /* Monet.h in Headers */,
			);
			runOnlyForDeploymentPostprocessing = 0;
		};
		A3169E631DE0804300BABAFD /* Headers */ = {
			isa = PBXHeadersBuildPhase;
			buildActionMask = 2147483647;
			files = (
				A370DF171FB0D75B000FEDED /* Monet.h in Headers */,
			);
			runOnlyForDeploymentPostprocessing = 0;
		};
/* End PBXHeadersBuildPhase section */

/* Begin PBXNativeTarget section */
		A3169DAF1DE05E8300BABAFD /* Monet-iOS */ = {
			isa = PBXNativeTarget;
			buildConfigurationList = A3169DC41DE05E8300BABAFD /* Build configuration list for PBXNativeTarget "Monet-iOS" */;
			buildPhases = (
				3C274BE5866A1758C1933C35 /* [CP] Check Pods Manifest.lock */,
				A3169DAB1DE05E8300BABAFD /* Sources */,
				A3169DAC1DE05E8300BABAFD /* Frameworks */,
				A3169DAE1DE05E8300BABAFD /* Resources */,
				A3169DD81DE0654400BABAFD /* Swiftlint */,
				A3169E631DE0804300BABAFD /* Headers */,
			);
			buildRules = (
			);
			dependencies = (
			);
			name = "Monet-iOS";
			productName = Monet;
			productReference = A3169DB01DE05E8300BABAFD /* Monet.framework */;
			productType = "com.apple.product-type.framework";
		};
		A3169DB81DE05E8300BABAFD /* MonetTests-iOS */ = {
			isa = PBXNativeTarget;
			buildConfigurationList = A3169DC71DE05E8300BABAFD /* Build configuration list for PBXNativeTarget "MonetTests-iOS" */;
			buildPhases = (
				98C1F9027E65CC619BE23BB8 /* [CP] Check Pods Manifest.lock */,
				A3169DB51DE05E8300BABAFD /* Sources */,
				A3169DB61DE05E8300BABAFD /* Frameworks */,
				A3169DB71DE05E8300BABAFD /* Resources */,
				937912AF0E6696175003B00D /* [CP] Embed Pods Frameworks */,
			);
			buildRules = (
			);
			dependencies = (
				A3169DBC1DE05E8300BABAFD /* PBXTargetDependency */,
			);
			name = "MonetTests-iOS";
			productName = MonetTests;
			productReference = A3169DB91DE05E8300BABAFD /* MonetTests-iOS.xctest */;
			productType = "com.apple.product-type.bundle.unit-test";
		};
		A3169DEE1DE0718900BABAFD /* Monet-tvOS */ = {
			isa = PBXNativeTarget;
			buildConfigurationList = A3169E001DE0718900BABAFD /* Build configuration list for PBXNativeTarget "Monet-tvOS" */;
			buildPhases = (
				62E0BBEE54380D2FAE8E5055 /* [CP] Check Pods Manifest.lock */,
				A3169DEA1DE0718900BABAFD /* Sources */,
				A3169DEB1DE0718900BABAFD /* Frameworks */,
				A3169DED1DE0718900BABAFD /* Resources */,
				A3169E061DE0727A00BABAFD /* Swiftlint */,
				A3169E281DE07B0500BABAFD /* Headers */,
			);
			buildRules = (
			);
			dependencies = (
			);
			name = "Monet-tvOS";
			productName = Monet;
			productReference = A3169DEF1DE0718900BABAFD /* Monet.framework */;
			productType = "com.apple.product-type.framework";
		};
		A3169DF61DE0718900BABAFD /* MonetTests-tvOS */ = {
			isa = PBXNativeTarget;
			buildConfigurationList = A3169E031DE0718900BABAFD /* Build configuration list for PBXNativeTarget "MonetTests-tvOS" */;
			buildPhases = (
				2D2F713A4868113B0055D2BD /* [CP] Check Pods Manifest.lock */,
				A3169DF31DE0718900BABAFD /* Sources */,
				A3169DF41DE0718900BABAFD /* Frameworks */,
				A3169DF51DE0718900BABAFD /* Resources */,
				DBB8C5A7E7F7EE0D816DE1DF /* [CP] Embed Pods Frameworks */,
			);
			buildRules = (
			);
			dependencies = (
				A3169DFA1DE0718900BABAFD /* PBXTargetDependency */,
			);
			name = "MonetTests-tvOS";
			productName = MonetTests;
			productReference = A3169DF71DE0718900BABAFD /* MonetTests-tvOS.xctest */;
			productType = "com.apple.product-type.bundle.unit-test";
		};
/* End PBXNativeTarget section */

/* Begin PBXProject section */
		A3169DA71DE05E8300BABAFD /* Project object */ = {
			isa = PBXProject;
			attributes = {
				LastSwiftUpdateCheck = 0810;
				LastUpgradeCheck = 1020;
				ORGANIZATIONNAME = Digipolitan;
				TargetAttributes = {
					A3169DAF1DE05E8300BABAFD = {
						CreatedOnToolsVersion = 8.1;
						DevelopmentTeam = 582762VK3P;
						LastSwiftMigration = 1020;
						ProvisioningStyle = Automatic;
					};
					A3169DB81DE05E8300BABAFD = {
						CreatedOnToolsVersion = 8.1;
						DevelopmentTeam = 582762VK3P;
						LastSwiftMigration = 1020;
						ProvisioningStyle = Automatic;
					};
					A3169DEE1DE0718900BABAFD = {
						CreatedOnToolsVersion = 8.1;
						DevelopmentTeam = 582762VK3P;
						LastSwiftMigration = 1010;
						ProvisioningStyle = Automatic;
					};
					A3169DF61DE0718900BABAFD = {
						CreatedOnToolsVersion = 8.1;
						DevelopmentTeam = 582762VK3P;
						LastSwiftMigration = 1010;
						ProvisioningStyle = Automatic;
					};
				};
			};
			buildConfigurationList = A3169DAA1DE05E8300BABAFD /* Build configuration list for PBXProject "Monet" */;
			compatibilityVersion = "Xcode 3.2";
			developmentRegion = en;
			hasScannedForEncodings = 0;
			knownRegions = (
				en,
				Base,
			);
			mainGroup = A3169DA61DE05E8300BABAFD;
			productRefGroup = A3169DB11DE05E8300BABAFD /* Products */;
			projectDirPath = "";
			projectRoot = "";
			targets = (
				A3169DAF1DE05E8300BABAFD /* Monet-iOS */,
				A3169DB81DE05E8300BABAFD /* MonetTests-iOS */,
				A3169DEE1DE0718900BABAFD /* Monet-tvOS */,
				A3169DF61DE0718900BABAFD /* MonetTests-tvOS */,
			);
		};
/* End PBXProject section */

/* Begin PBXResourcesBuildPhase section */
		A3169DAE1DE05E8300BABAFD /* Resources */ = {
			isa = PBXResourcesBuildPhase;
			buildActionMask = 2147483647;
			files = (
			);
			runOnlyForDeploymentPostprocessing = 0;
		};
		A3169DB71DE05E8300BABAFD /* Resources */ = {
			isa = PBXResourcesBuildPhase;
			buildActionMask = 2147483647;
			files = (
			);
			runOnlyForDeploymentPostprocessing = 0;
		};
		A3169DED1DE0718900BABAFD /* Resources */ = {
			isa = PBXResourcesBuildPhase;
			buildActionMask = 2147483647;
			files = (
			);
			runOnlyForDeploymentPostprocessing = 0;
		};
		A3169DF51DE0718900BABAFD /* Resources */ = {
			isa = PBXResourcesBuildPhase;
			buildActionMask = 2147483647;
			files = (
			);
			runOnlyForDeploymentPostprocessing = 0;
		};
/* End PBXResourcesBuildPhase section */

/* Begin PBXShellScriptBuildPhase section */
		2D2F713A4868113B0055D2BD /* [CP] Check Pods Manifest.lock */ = {
			isa = PBXShellScriptBuildPhase;
			buildActionMask = 2147483647;
			files = (
			);
			inputPaths = (
				"${PODS_PODFILE_DIR_PATH}/Podfile.lock",
				"${PODS_ROOT}/Manifest.lock",
			);
			name = "[CP] Check Pods Manifest.lock";
			outputPaths = (
				"$(DERIVED_FILE_DIR)/Pods-Tests-MonetTests-tvOS-checkManifestLockResult.txt",
			);
			runOnlyForDeploymentPostprocessing = 0;
			shellPath = /bin/sh;
			shellScript = "diff \"${PODS_PODFILE_DIR_PATH}/Podfile.lock\" \"${PODS_ROOT}/Manifest.lock\" > /dev/null\nif [ $? != 0 ] ; then\n    # print error to STDERR\n    echo \"error: The sandbox is not in sync with the Podfile.lock. Run 'pod install' or update your CocoaPods installation.\" >&2\n    exit 1\nfi\n# This output is used by Xcode 'outputs' to avoid re-running this script phase.\necho \"SUCCESS\" > \"${SCRIPT_OUTPUT_FILE_0}\"\n";
			showEnvVarsInLog = 0;
		};
		3C274BE5866A1758C1933C35 /* [CP] Check Pods Manifest.lock */ = {
			isa = PBXShellScriptBuildPhase;
			buildActionMask = 2147483647;
			files = (
			);
			inputPaths = (
				"${PODS_PODFILE_DIR_PATH}/Podfile.lock",
				"${PODS_ROOT}/Manifest.lock",
			);
			name = "[CP] Check Pods Manifest.lock";
			outputPaths = (
				"$(DERIVED_FILE_DIR)/Pods-Frameworks-Monet-iOS-checkManifestLockResult.txt",
			);
			runOnlyForDeploymentPostprocessing = 0;
			shellPath = /bin/sh;
			shellScript = "diff \"${PODS_PODFILE_DIR_PATH}/Podfile.lock\" \"${PODS_ROOT}/Manifest.lock\" > /dev/null\nif [ $? != 0 ] ; then\n    # print error to STDERR\n    echo \"error: The sandbox is not in sync with the Podfile.lock. Run 'pod install' or update your CocoaPods installation.\" >&2\n    exit 1\nfi\n# This output is used by Xcode 'outputs' to avoid re-running this script phase.\necho \"SUCCESS\" > \"${SCRIPT_OUTPUT_FILE_0}\"\n";
			showEnvVarsInLog = 0;
		};
		62E0BBEE54380D2FAE8E5055 /* [CP] Check Pods Manifest.lock */ = {
			isa = PBXShellScriptBuildPhase;
			buildActionMask = 2147483647;
			files = (
			);
			inputPaths = (
				"${PODS_PODFILE_DIR_PATH}/Podfile.lock",
				"${PODS_ROOT}/Manifest.lock",
			);
			name = "[CP] Check Pods Manifest.lock";
			outputPaths = (
				"$(DERIVED_FILE_DIR)/Pods-Frameworks-Monet-tvOS-checkManifestLockResult.txt",
			);
			runOnlyForDeploymentPostprocessing = 0;
			shellPath = /bin/sh;
			shellScript = "diff \"${PODS_PODFILE_DIR_PATH}/Podfile.lock\" \"${PODS_ROOT}/Manifest.lock\" > /dev/null\nif [ $? != 0 ] ; then\n    # print error to STDERR\n    echo \"error: The sandbox is not in sync with the Podfile.lock. Run 'pod install' or update your CocoaPods installation.\" >&2\n    exit 1\nfi\n# This output is used by Xcode 'outputs' to avoid re-running this script phase.\necho \"SUCCESS\" > \"${SCRIPT_OUTPUT_FILE_0}\"\n";
			showEnvVarsInLog = 0;
		};
		937912AF0E6696175003B00D /* [CP] Embed Pods Frameworks */ = {
			isa = PBXShellScriptBuildPhase;
			buildActionMask = 2147483647;
			files = (
			);
			inputPaths = (
				"${PODS_ROOT}/Target Support Files/Pods-Tests-MonetTests-iOS/Pods-Tests-MonetTests-iOS-frameworks.sh",
				"${BUILT_PRODUCTS_DIR}/ObjectMapper-iOS/ObjectMapper.framework",
			);
			name = "[CP] Embed Pods Frameworks";
			outputPaths = (
				"${TARGET_BUILD_DIR}/${FRAMEWORKS_FOLDER_PATH}/ObjectMapper.framework",
			);
			runOnlyForDeploymentPostprocessing = 0;
			shellPath = /bin/sh;
			shellScript = "\"${PODS_ROOT}/Target Support Files/Pods-Tests-MonetTests-iOS/Pods-Tests-MonetTests-iOS-frameworks.sh\"\n";
			showEnvVarsInLog = 0;
		};
		98C1F9027E65CC619BE23BB8 /* [CP] Check Pods Manifest.lock */ = {
			isa = PBXShellScriptBuildPhase;
			buildActionMask = 2147483647;
			files = (
			);
			inputPaths = (
				"${PODS_PODFILE_DIR_PATH}/Podfile.lock",
				"${PODS_ROOT}/Manifest.lock",
			);
			name = "[CP] Check Pods Manifest.lock";
			outputPaths = (
				"$(DERIVED_FILE_DIR)/Pods-Tests-MonetTests-iOS-checkManifestLockResult.txt",
			);
			runOnlyForDeploymentPostprocessing = 0;
			shellPath = /bin/sh;
			shellScript = "diff \"${PODS_PODFILE_DIR_PATH}/Podfile.lock\" \"${PODS_ROOT}/Manifest.lock\" > /dev/null\nif [ $? != 0 ] ; then\n    # print error to STDERR\n    echo \"error: The sandbox is not in sync with the Podfile.lock. Run 'pod install' or update your CocoaPods installation.\" >&2\n    exit 1\nfi\n# This output is used by Xcode 'outputs' to avoid re-running this script phase.\necho \"SUCCESS\" > \"${SCRIPT_OUTPUT_FILE_0}\"\n";
			showEnvVarsInLog = 0;
		};
		A3169DD81DE0654400BABAFD /* Swiftlint */ = {
			isa = PBXShellScriptBuildPhase;
			buildActionMask = 2147483647;
			files = (
			);
			inputPaths = (
			);
			name = Swiftlint;
			outputPaths = (
			);
			runOnlyForDeploymentPostprocessing = 0;
			shellPath = /bin/sh;
			shellScript = "if which swiftlint >/dev/null; then\n    swiftlint\nelse\n    echo \"warning: SwiftLint not installed, download from https://github.com/realm/SwiftLint\"\nfi";
		};
		A3169E061DE0727A00BABAFD /* Swiftlint */ = {
			isa = PBXShellScriptBuildPhase;
			buildActionMask = 2147483647;
			files = (
			);
			inputPaths = (
			);
			name = Swiftlint;
			outputPaths = (
			);
			runOnlyForDeploymentPostprocessing = 0;
			shellPath = /bin/sh;
			shellScript = "if which swiftlint >/dev/null; then\n    swiftlint\nelse\n    echo \"warning: SwiftLint not installed, download from https://github.com/realm/SwiftLint\"\nfi";
		};
		DBB8C5A7E7F7EE0D816DE1DF /* [CP] Embed Pods Frameworks */ = {
			isa = PBXShellScriptBuildPhase;
			buildActionMask = 2147483647;
			files = (
			);
			inputPaths = (
				"${PODS_ROOT}/Target Support Files/Pods-Tests-MonetTests-tvOS/Pods-Tests-MonetTests-tvOS-frameworks.sh",
				"${BUILT_PRODUCTS_DIR}/ObjectMapper-tvOS/ObjectMapper.framework",
			);
			name = "[CP] Embed Pods Frameworks";
			outputPaths = (
				"${TARGET_BUILD_DIR}/${FRAMEWORKS_FOLDER_PATH}/ObjectMapper.framework",
			);
			runOnlyForDeploymentPostprocessing = 0;
			shellPath = /bin/sh;
			shellScript = "\"${PODS_ROOT}/Target Support Files/Pods-Tests-MonetTests-tvOS/Pods-Tests-MonetTests-tvOS-frameworks.sh\"\n";
			showEnvVarsInLog = 0;
		};
/* End PBXShellScriptBuildPhase section */

/* Begin PBXSourcesBuildPhase section */
		A3169DAB1DE05E8300BABAFD /* Sources */ = {
			isa = PBXSourcesBuildPhase;
			buildActionMask = 2147483647;
			files = (
				A370DF231FB0D75B000FEDED /* Theme.swift in Sources */,
				A370DF151FB0D75B000FEDED /* FontTransform.swift in Sources */,
				A303237E21F1D91F00E11E19 /* UIButton+Monet.swift in Sources */,
				A370DF111FB0D75B000FEDED /* MonetError.swift in Sources */,
				A370DF1B1FB0D75B000FEDED /* TextAppearance.swift in Sources */,
				A303237821F1D8D700E11E19 /* UITextField+Monet.swift in Sources */,
				A370DF1F1FB0D75B000FEDED /* ViewAppearance.swift in Sources */,
				A370DF131FB0D75B000FEDED /* UIColor+UIControlState.swift in Sources */,
				A374516F21EEB70D00899876 /* Monet+ObjectMapper.swift in Sources */,
				A370DF1D1FB0D75B000FEDED /* UIColor+UIImageRepresentation.swift in Sources */,
				A370DF211FB0D75B000FEDED /* UIColor+RGB255.swift in Sources */,
				A303237521F1D8B300E11E19 /* UILabel+Monet.swift in Sources */,
				A374516C21EEB38C00899876 /* AppearanceRegistry.swift in Sources */,
				A303237B21F1D8DF00E11E19 /* UITextView+Monet.swift in Sources */,
				A370DF191FB0D75B000FEDED /* Monet.swift in Sources */,
				A303237221F1D8AA00E11E19 /* UIView+Monet.swift in Sources */,
			);
			runOnlyForDeploymentPostprocessing = 0;
		};
		A3169DB51DE05E8300BABAFD /* Sources */ = {
			isa = PBXSourcesBuildPhase;
			buildActionMask = 2147483647;
			files = (
				A38EF2CA1DECF97000637484 /* MonetTests.swift in Sources */,
			);
			runOnlyForDeploymentPostprocessing = 0;
		};
		A3169DEA1DE0718900BABAFD /* Sources */ = {
			isa = PBXSourcesBuildPhase;
			buildActionMask = 2147483647;
			files = (
				A370DF241FB0D75B000FEDED /* Theme.swift in Sources */,
				A370DF161FB0D75B000FEDED /* FontTransform.swift in Sources */,
				A303237F21F1D91F00E11E19 /* UIButton+Monet.swift in Sources */,
				A370DF121FB0D75B000FEDED /* MonetError.swift in Sources */,
				A370DF1C1FB0D75B000FEDED /* TextAppearance.swift in Sources */,
				A303237921F1D8D700E11E19 /* UITextField+Monet.swift in Sources */,
				A370DF201FB0D75B000FEDED /* ViewAppearance.swift in Sources */,
				A370DF141FB0D75B000FEDED /* UIColor+UIControlState.swift in Sources */,
				A374517021EEB70D00899876 /* Monet+ObjectMapper.swift in Sources */,
				A370DF1E1FB0D75B000FEDED /* UIColor+UIImageRepresentation.swift in Sources */,
				A370DF221FB0D75B000FEDED /* UIColor+RGB255.swift in Sources */,
				A303237621F1D8B300E11E19 /* UILabel+Monet.swift in Sources */,
				A374516D21EEB38C00899876 /* AppearanceRegistry.swift in Sources */,
				A303237C21F1D8DF00E11E19 /* UITextView+Monet.swift in Sources */,
				A370DF1A1FB0D75B000FEDED /* Monet.swift in Sources */,
				A303237321F1D8AA00E11E19 /* UIView+Monet.swift in Sources */,
			);
			runOnlyForDeploymentPostprocessing = 0;
		};
		A3169DF31DE0718900BABAFD /* Sources */ = {
			isa = PBXSourcesBuildPhase;
			buildActionMask = 2147483647;
			files = (
				A38EF2CB1DECF97000637484 /* MonetTests.swift in Sources */,
			);
			runOnlyForDeploymentPostprocessing = 0;
		};
/* End PBXSourcesBuildPhase section */

/* Begin PBXTargetDependency section */
		A3169DBC1DE05E8300BABAFD /* PBXTargetDependency */ = {
			isa = PBXTargetDependency;
			target = A3169DAF1DE05E8300BABAFD /* Monet-iOS */;
			targetProxy = A3169DBB1DE05E8300BABAFD /* PBXContainerItemProxy */;
		};
		A3169DFA1DE0718900BABAFD /* PBXTargetDependency */ = {
			isa = PBXTargetDependency;
			target = A3169DEE1DE0718900BABAFD /* Monet-tvOS */;
			targetProxy = A3169DF91DE0718900BABAFD /* PBXContainerItemProxy */;
		};
/* End PBXTargetDependency section */

/* Begin XCBuildConfiguration section */
		A3169DC21DE05E8300BABAFD /* Debug */ = {
			isa = XCBuildConfiguration;
			buildSettings = {
				ALWAYS_SEARCH_USER_PATHS = NO;
				CLANG_ANALYZER_LOCALIZABILITY_NONLOCALIZED = YES;
				CLANG_ANALYZER_NONNULL = YES;
				CLANG_CXX_LANGUAGE_STANDARD = "gnu++0x";
				CLANG_CXX_LIBRARY = "libc++";
				CLANG_ENABLE_OBJC_ARC = YES;
				CLANG_WARN_BLOCK_CAPTURE_AUTORELEASING = YES;
				CLANG_WARN_BOOL_CONVERSION = YES;
				CLANG_WARN_COMMA = YES;
				CLANG_WARN_CONSTANT_CONVERSION = YES;
				CLANG_WARN_DEPRECATED_OBJC_IMPLEMENTATIONS = YES;
				CLANG_WARN_DIRECT_OBJC_ISA_USAGE = YES_ERROR;
				CLANG_WARN_DOCUMENTATION_COMMENTS = YES;
				CLANG_WARN_EMPTY_BODY = YES;
				CLANG_WARN_ENUM_CONVERSION = YES;
				CLANG_WARN_INFINITE_RECURSION = YES;
				CLANG_WARN_INT_CONVERSION = YES;
				CLANG_WARN_NON_LITERAL_NULL_CONVERSION = YES;
				CLANG_WARN_OBJC_IMPLICIT_RETAIN_SELF = YES;
				CLANG_WARN_OBJC_LITERAL_CONVERSION = YES;
				CLANG_WARN_OBJC_ROOT_CLASS = YES_ERROR;
				CLANG_WARN_RANGE_LOOP_ANALYSIS = YES;
				CLANG_WARN_STRICT_PROTOTYPES = YES;
				CLANG_WARN_SUSPICIOUS_MOVE = YES;
				CLANG_WARN_SUSPICIOUS_MOVES = YES;
				CLANG_WARN_UNREACHABLE_CODE = YES;
				CLANG_WARN__DUPLICATE_METHOD_MATCH = YES;
				COPY_PHASE_STRIP = NO;
				CURRENT_PROJECT_VERSION = 1;
				DEBUG_INFORMATION_FORMAT = dwarf;
				ENABLE_STRICT_OBJC_MSGSEND = YES;
				ENABLE_TESTABILITY = YES;
				GCC_C_LANGUAGE_STANDARD = gnu99;
				GCC_DYNAMIC_NO_PIC = NO;
				GCC_NO_COMMON_BLOCKS = YES;
				GCC_OPTIMIZATION_LEVEL = 0;
				GCC_PREPROCESSOR_DEFINITIONS = (
					"DEBUG=1",
					"$(inherited)",
				);
				GCC_WARN_64_TO_32_BIT_CONVERSION = YES;
				GCC_WARN_ABOUT_RETURN_TYPE = YES_ERROR;
				GCC_WARN_UNDECLARED_SELECTOR = YES;
				GCC_WARN_UNINITIALIZED_AUTOS = YES_AGGRESSIVE;
				GCC_WARN_UNUSED_FUNCTION = YES;
				GCC_WARN_UNUSED_VARIABLE = YES;
				IPHONEOS_DEPLOYMENT_TARGET = 9.0;
				MTL_ENABLE_DEBUG_INFO = YES;
				ONLY_ACTIVE_ARCH = YES;
				SDKROOT = iphoneos;
				SWIFT_ACTIVE_COMPILATION_CONDITIONS = DEBUG;
				SWIFT_OPTIMIZATION_LEVEL = "-Onone";
				SWIFT_VERSION = 5.0;
				TARGETED_DEVICE_FAMILY = "1,2";
				VERSIONING_SYSTEM = "apple-generic";
				VERSION_INFO_PREFIX = "";
			};
			name = Debug;
		};
		A3169DC31DE05E8300BABAFD /* Release */ = {
			isa = XCBuildConfiguration;
			buildSettings = {
				ALWAYS_SEARCH_USER_PATHS = NO;
				CLANG_ANALYZER_LOCALIZABILITY_NONLOCALIZED = YES;
				CLANG_ANALYZER_NONNULL = YES;
				CLANG_CXX_LANGUAGE_STANDARD = "gnu++0x";
				CLANG_CXX_LIBRARY = "libc++";
				CLANG_ENABLE_OBJC_ARC = YES;
				CLANG_WARN_BLOCK_CAPTURE_AUTORELEASING = YES;
				CLANG_WARN_BOOL_CONVERSION = YES;
				CLANG_WARN_COMMA = YES;
				CLANG_WARN_CONSTANT_CONVERSION = YES;
				CLANG_WARN_DEPRECATED_OBJC_IMPLEMENTATIONS = YES;
				CLANG_WARN_DIRECT_OBJC_ISA_USAGE = YES_ERROR;
				CLANG_WARN_DOCUMENTATION_COMMENTS = YES;
				CLANG_WARN_EMPTY_BODY = YES;
				CLANG_WARN_ENUM_CONVERSION = YES;
				CLANG_WARN_INFINITE_RECURSION = YES;
				CLANG_WARN_INT_CONVERSION = YES;
				CLANG_WARN_NON_LITERAL_NULL_CONVERSION = YES;
				CLANG_WARN_OBJC_IMPLICIT_RETAIN_SELF = YES;
				CLANG_WARN_OBJC_LITERAL_CONVERSION = YES;
				CLANG_WARN_OBJC_ROOT_CLASS = YES_ERROR;
				CLANG_WARN_RANGE_LOOP_ANALYSIS = YES;
				CLANG_WARN_STRICT_PROTOTYPES = YES;
				CLANG_WARN_SUSPICIOUS_MOVE = YES;
				CLANG_WARN_SUSPICIOUS_MOVES = YES;
				CLANG_WARN_UNREACHABLE_CODE = YES;
				CLANG_WARN__DUPLICATE_METHOD_MATCH = YES;
				COPY_PHASE_STRIP = NO;
				CURRENT_PROJECT_VERSION = 1;
				DEBUG_INFORMATION_FORMAT = "dwarf-with-dsym";
				ENABLE_NS_ASSERTIONS = NO;
				ENABLE_STRICT_OBJC_MSGSEND = YES;
				GCC_C_LANGUAGE_STANDARD = gnu99;
				GCC_NO_COMMON_BLOCKS = YES;
				GCC_WARN_64_TO_32_BIT_CONVERSION = YES;
				GCC_WARN_ABOUT_RETURN_TYPE = YES_ERROR;
				GCC_WARN_UNDECLARED_SELECTOR = YES;
				GCC_WARN_UNINITIALIZED_AUTOS = YES_AGGRESSIVE;
				GCC_WARN_UNUSED_FUNCTION = YES;
				GCC_WARN_UNUSED_VARIABLE = YES;
				IPHONEOS_DEPLOYMENT_TARGET = 9.0;
				MTL_ENABLE_DEBUG_INFO = NO;
				SDKROOT = iphoneos;
				SWIFT_OPTIMIZATION_LEVEL = "-Owholemodule";
				SWIFT_VERSION = 5.0;
				TARGETED_DEVICE_FAMILY = "1,2";
				VALIDATE_PRODUCT = YES;
				VERSIONING_SYSTEM = "apple-generic";
				VERSION_INFO_PREFIX = "";
			};
			name = Release;
		};
		A3169DC51DE05E8300BABAFD /* Debug */ = {
			isa = XCBuildConfiguration;
			baseConfigurationReference = 757B219FA75A336C64D819DC /* Pods-Frameworks-Monet-iOS.debug.xcconfig */;
			buildSettings = {
				CLANG_ENABLE_MODULES = YES;
				CODE_SIGN_IDENTITY = "iPhone Developer";
				"CODE_SIGN_IDENTITY[sdk=iphoneos*]" = "";
				DEFINES_MODULE = YES;
				DEVELOPMENT_TEAM = 582762VK3P;
				DYLIB_COMPATIBILITY_VERSION = 1;
				DYLIB_INSTALL_NAME_BASE = "@rpath";
				INFOPLIST_FILE = Sources/Info.plist;
				INSTALL_PATH = "$(LOCAL_LIBRARY_DIR)/Frameworks";
				LD_RUNPATH_SEARCH_PATHS = "$(inherited) @executable_path/Frameworks @loader_path/Frameworks";
				PRODUCT_BUNDLE_IDENTIFIER = com.digipolitan.monet;
				PRODUCT_NAME = Monet;
				SKIP_INSTALL = YES;
				SWIFT_OPTIMIZATION_LEVEL = "-Onone";
			};
			name = Debug;
		};
		A3169DC61DE05E8300BABAFD /* Release */ = {
			isa = XCBuildConfiguration;
			baseConfigurationReference = F507C150FB391F10B46C299A /* Pods-Frameworks-Monet-iOS.release.xcconfig */;
			buildSettings = {
				CLANG_ENABLE_MODULES = YES;
				CODE_SIGN_IDENTITY = "iPhone Developer";
				"CODE_SIGN_IDENTITY[sdk=iphoneos*]" = "";
				DEFINES_MODULE = YES;
				DEVELOPMENT_TEAM = 582762VK3P;
				DYLIB_COMPATIBILITY_VERSION = 1;
				DYLIB_INSTALL_NAME_BASE = "@rpath";
				INFOPLIST_FILE = Sources/Info.plist;
				INSTALL_PATH = "$(LOCAL_LIBRARY_DIR)/Frameworks";
				LD_RUNPATH_SEARCH_PATHS = "$(inherited) @executable_path/Frameworks @loader_path/Frameworks";
				PRODUCT_BUNDLE_IDENTIFIER = com.digipolitan.monet;
				PRODUCT_NAME = Monet;
				SKIP_INSTALL = YES;
			};
			name = Release;
		};
		A3169DC81DE05E8300BABAFD /* Debug */ = {
			isa = XCBuildConfiguration;
			baseConfigurationReference = 1146950D69C3F7B37FFEE5B1 /* Pods-Tests-MonetTests-iOS.debug.xcconfig */;
			buildSettings = {
				CURRENT_PROJECT_VERSION = 1;
				DEVELOPMENT_TEAM = 582762VK3P;
				INFOPLIST_FILE = Tests/Info.plist;
				LD_RUNPATH_SEARCH_PATHS = "$(inherited) @executable_path/Frameworks @loader_path/Frameworks";
				PRODUCT_BUNDLE_IDENTIFIER = com.digipolitan.MonetTests;
				PRODUCT_NAME = "$(TARGET_NAME)";
			};
			name = Debug;
		};
		A3169DC91DE05E8300BABAFD /* Release */ = {
			isa = XCBuildConfiguration;
			baseConfigurationReference = 1B1E2CCA7DCAA12E69C19078 /* Pods-Tests-MonetTests-iOS.release.xcconfig */;
			buildSettings = {
				CURRENT_PROJECT_VERSION = 1;
				DEVELOPMENT_TEAM = 582762VK3P;
				INFOPLIST_FILE = Tests/Info.plist;
				LD_RUNPATH_SEARCH_PATHS = "$(inherited) @executable_path/Frameworks @loader_path/Frameworks";
				PRODUCT_BUNDLE_IDENTIFIER = com.digipolitan.MonetTests;
				PRODUCT_NAME = "$(TARGET_NAME)";
			};
			name = Release;
		};
		A3169E011DE0718900BABAFD /* Debug */ = {
			isa = XCBuildConfiguration;
			baseConfigurationReference = BFADF94759DD43A26AF8F681 /* Pods-Frameworks-Monet-tvOS.debug.xcconfig */;
			buildSettings = {
				CLANG_ENABLE_MODULES = YES;
				"CODE_SIGN_IDENTITY[sdk=appletvos*]" = "";
				DEFINES_MODULE = YES;
				DEVELOPMENT_TEAM = 582762VK3P;
				DYLIB_COMPATIBILITY_VERSION = 1;
				DYLIB_INSTALL_NAME_BASE = "@rpath";
				INFOPLIST_FILE = Sources/Info.plist;
				INSTALL_PATH = "$(LOCAL_LIBRARY_DIR)/Frameworks";
				LD_RUNPATH_SEARCH_PATHS = "$(inherited) @executable_path/Frameworks @loader_path/Frameworks";
				PRODUCT_BUNDLE_IDENTIFIER = com.digipolitan.monet;
				PRODUCT_NAME = Monet;
				SDKROOT = appletvos;
				SKIP_INSTALL = YES;
				SWIFT_OPTIMIZATION_LEVEL = "-Onone";
				TARGETED_DEVICE_FAMILY = 3;
				TVOS_DEPLOYMENT_TARGET = 9.0;
			};
			name = Debug;
		};
		A3169E021DE0718900BABAFD /* Release */ = {
			isa = XCBuildConfiguration;
			baseConfigurationReference = 93894B034E052FA5CC74820F /* Pods-Frameworks-Monet-tvOS.release.xcconfig */;
			buildSettings = {
				CLANG_ENABLE_MODULES = YES;
				"CODE_SIGN_IDENTITY[sdk=appletvos*]" = "";
				DEFINES_MODULE = YES;
				DEVELOPMENT_TEAM = 582762VK3P;
				DYLIB_COMPATIBILITY_VERSION = 1;
				DYLIB_INSTALL_NAME_BASE = "@rpath";
				INFOPLIST_FILE = Sources/Info.plist;
				INSTALL_PATH = "$(LOCAL_LIBRARY_DIR)/Frameworks";
				LD_RUNPATH_SEARCH_PATHS = "$(inherited) @executable_path/Frameworks @loader_path/Frameworks";
				PRODUCT_BUNDLE_IDENTIFIER = com.digipolitan.monet;
				PRODUCT_NAME = Monet;
				SDKROOT = appletvos;
				SKIP_INSTALL = YES;
				TARGETED_DEVICE_FAMILY = 3;
				TVOS_DEPLOYMENT_TARGET = 9.0;
			};
			name = Release;
		};
		A3169E041DE0718900BABAFD /* Debug */ = {
			isa = XCBuildConfiguration;
			baseConfigurationReference = C8FDA4C68D566EA9DE7C7C78 /* Pods-Tests-MonetTests-tvOS.debug.xcconfig */;
			buildSettings = {
				CURRENT_PROJECT_VERSION = 1;
				DEVELOPMENT_TEAM = 582762VK3P;
				INFOPLIST_FILE = Tests/Info.plist;
				LD_RUNPATH_SEARCH_PATHS = "$(inherited) @executable_path/Frameworks @loader_path/Frameworks";
				PRODUCT_BUNDLE_IDENTIFIER = com.digipolitan.MonetTests;
				PRODUCT_NAME = "$(TARGET_NAME)";
				SDKROOT = appletvos;
				TVOS_DEPLOYMENT_TARGET = 10.0;
			};
			name = Debug;
		};
		A3169E051DE0718900BABAFD /* Release */ = {
			isa = XCBuildConfiguration;
			baseConfigurationReference = E308B0975F7171E5C4A74DBC /* Pods-Tests-MonetTests-tvOS.release.xcconfig */;
			buildSettings = {
				CURRENT_PROJECT_VERSION = 1;
				DEVELOPMENT_TEAM = 582762VK3P;
				INFOPLIST_FILE = Tests/Info.plist;
				LD_RUNPATH_SEARCH_PATHS = "$(inherited) @executable_path/Frameworks @loader_path/Frameworks";
				PRODUCT_BUNDLE_IDENTIFIER = com.digipolitan.MonetTests;
				PRODUCT_NAME = "$(TARGET_NAME)";
				SDKROOT = appletvos;
				TVOS_DEPLOYMENT_TARGET = 10.0;
			};
			name = Release;
		};
/* End XCBuildConfiguration section */

/* Begin XCConfigurationList section */
		A3169DAA1DE05E8300BABAFD /* Build configuration list for PBXProject "Monet" */ = {
			isa = XCConfigurationList;
			buildConfigurations = (
				A3169DC21DE05E8300BABAFD /* Debug */,
				A3169DC31DE05E8300BABAFD /* Release */,
			);
			defaultConfigurationIsVisible = 0;
			defaultConfigurationName = Release;
		};
		A3169DC41DE05E8300BABAFD /* Build configuration list for PBXNativeTarget "Monet-iOS" */ = {
			isa = XCConfigurationList;
			buildConfigurations = (
				A3169DC51DE05E8300BABAFD /* Debug */,
				A3169DC61DE05E8300BABAFD /* Release */,
			);
			defaultConfigurationIsVisible = 0;
			defaultConfigurationName = Release;
		};
		A3169DC71DE05E8300BABAFD /* Build configuration list for PBXNativeTarget "MonetTests-iOS" */ = {
			isa = XCConfigurationList;
			buildConfigurations = (
				A3169DC81DE05E8300BABAFD /* Debug */,
				A3169DC91DE05E8300BABAFD /* Release */,
			);
			defaultConfigurationIsVisible = 0;
			defaultConfigurationName = Release;
		};
		A3169E001DE0718900BABAFD /* Build configuration list for PBXNativeTarget "Monet-tvOS" */ = {
			isa = XCConfigurationList;
			buildConfigurations = (
				A3169E011DE0718900BABAFD /* Debug */,
				A3169E021DE0718900BABAFD /* Release */,
			);
			defaultConfigurationIsVisible = 0;
			defaultConfigurationName = Release;
		};
		A3169E031DE0718900BABAFD /* Build configuration list for PBXNativeTarget "MonetTests-tvOS" */ = {
			isa = XCConfigurationList;
			buildConfigurations = (
				A3169E041DE0718900BABAFD /* Debug */,
				A3169E051DE0718900BABAFD /* Release */,
			);
			defaultConfigurationIsVisible = 0;
			defaultConfigurationName = Release;
		};
/* End XCConfigurationList section */
	};
	rootObject = A3169DA71DE05E8300BABAFD /* Project object */;
}
